
Microsoft Visual Studio Solution File, Format Version 12.00
# Visual Studio Version 16
VisualStudioVersion = 16.0.30114.105
MinimumVisualStudioVersion = 10.0.40219.1
Project("{FAE04EC0-301F-11D3-BF4B-00C04F79EFBC}") = "JadeFables", "JadeFables.csproj", "{A6441A48-9856-4832-AFCC-F35C4D93A9FF}"
EndProject
Global
	GlobalSection(SolutionConfigurationPlatforms) = preSolution
		Debug|Any CPU = Debug|Any CPU
		Release|Any CPU = Release|Any CPU
	EndGlobalSection
	GlobalSection(SolutionProperties) = preSolution
		HideSolutionNode = FALSE
	EndGlobalSection
	GlobalSection(ProjectConfigurationPlatforms) = postSolution
		{A6441A48-9856-4832-AFCC-F35C4D93A9FF}.Debug|Any CPU.ActiveCfg = Debug|Any CPU
		{A6441A48-9856-4832-AFCC-F35C4D93A9FF}.Debug|Any CPU.Build.0 = Debug|Any CPU
		{A6441A48-9856-4832-AFCC-F35C4D93A9FF}.Release|Any CPU.ActiveCfg = Release|Any CPU
		{A6441A48-9856-4832-AFCC-F35C4D93A9FF}.Release|Any CPU.Build.0 = Release|Any CPU
	EndGlobalSection
EndGlobal
